// !$*UTF8*$!
{
	archiveVersion = 1;
	classes = {
	};
	objectVersion = 56;
	objects = {

/* Begin PBXBuildFile section */
		C18714C529620D950072A834 /* pocket_nvcApp.swift in Sources */ = {isa = PBXBuildFile; fileRef = C18714C429620D950072A834 /* pocket_nvcApp.swift */; };
		C18714C729620D950072A834 /* ContentView.swift in Sources */ = {isa = PBXBuildFile; fileRef = C18714C629620D950072A834 /* ContentView.swift */; };
		C18714C929620D960072A834 /* Assets.xcassets in Resources */ = {isa = PBXBuildFile; fileRef = C18714C829620D960072A834 /* Assets.xcassets */; };
		C18714CC29620D960072A834 /* Preview Assets.xcassets in Resources */ = {isa = PBXBuildFile; fileRef = C18714CB29620D960072A834 /* Preview Assets.xcassets */; };
		C18714D329620DB60072A834 /* NeedsView.swift in Sources */ = {isa = PBXBuildFile; fileRef = C18714D229620DB50072A834 /* NeedsView.swift */; };
		C18714D529620DBF0072A834 /* FeelingsView.swift in Sources */ = {isa = PBXBuildFile; fileRef = C18714D429620DBF0072A834 /* FeelingsView.swift */; };
		C18714D729620DC70072A834 /* AboutView.swift in Sources */ = {isa = PBXBuildFile; fileRef = C18714D629620DC70072A834 /* AboutView.swift */; };
		C18714D929620DD20072A834 /* ProcessView.swift in Sources */ = {isa = PBXBuildFile; fileRef = C18714D829620DD20072A834 /* ProcessView.swift */; };
		C18714DB29620DE10072A834 /* PDFView.swift in Sources */ = {isa = PBXBuildFile; fileRef = C18714DA29620DE10072A834 /* PDFView.swift */; };
		C18714DD29620E1E0072A834 /* DetailsView.swift in Sources */ = {isa = PBXBuildFile; fileRef = C18714DC29620E1D0072A834 /* DetailsView.swift */; };
		C18714E029620E320072A834 /* feelings.pdf in Resources */ = {isa = PBXBuildFile; fileRef = C18714DE29620E320072A834 /* feelings.pdf */; };
		C18714E129620E320072A834 /* needs.pdf in Resources */ = {isa = PBXBuildFile; fileRef = C18714DF29620E320072A834 /* needs.pdf */; };
		C18714E6296216E00072A834 /* LaunchScreen.storyboard in Resources */ = {isa = PBXBuildFile; fileRef = C18714E5296216E00072A834 /* LaunchScreen.storyboard */; };
		C18714E8296219BD0072A834 /* LaunchView.swift in Sources */ = {isa = PBXBuildFile; fileRef = C18714E7296219BD0072A834 /* LaunchView.swift */; };
		C18714EC29636EB80072A834 /* chapterContent.swift in Sources */ = {isa = PBXBuildFile; fileRef = C18714EB29636EB80072A834 /* chapterContent.swift */; };
/* End PBXBuildFile section */

/* Begin PBXFileReference section */
		C18714C129620D950072A834 /* pocket-nvc.app */ = {isa = PBXFileReference; explicitFileType = wrapper.application; includeInIndex = 0; path = "pocket-nvc.app"; sourceTree = BUILT_PRODUCTS_DIR; };
		C18714C429620D950072A834 /* pocket_nvcApp.swift */ = {isa = PBXFileReference; lastKnownFileType = sourcecode.swift; path = pocket_nvcApp.swift; sourceTree = "<group>"; };
		C18714C629620D950072A834 /* ContentView.swift */ = {isa = PBXFileReference; lastKnownFileType = sourcecode.swift; path = ContentView.swift; sourceTree = "<group>"; };
		C18714C829620D960072A834 /* Assets.xcassets */ = {isa = PBXFileReference; lastKnownFileType = folder.assetcatalog; path = Assets.xcassets; sourceTree = "<group>"; };
		C18714CB29620D960072A834 /* Preview Assets.xcassets */ = {isa = PBXFileReference; lastKnownFileType = folder.assetcatalog; path = "Preview Assets.xcassets"; sourceTree = "<group>"; };
		C18714D229620DB50072A834 /* NeedsView.swift */ = {isa = PBXFileReference; lastKnownFileType = sourcecode.swift; path = NeedsView.swift; sourceTree = "<group>"; };
		C18714D429620DBF0072A834 /* FeelingsView.swift */ = {isa = PBXFileReference; lastKnownFileType = sourcecode.swift; path = FeelingsView.swift; sourceTree = "<group>"; };
		C18714D629620DC70072A834 /* AboutView.swift */ = {isa = PBXFileReference; lastKnownFileType = sourcecode.swift; path = AboutView.swift; sourceTree = "<group>"; };
		C18714D829620DD20072A834 /* ProcessView.swift */ = {isa = PBXFileReference; lastKnownFileType = sourcecode.swift; path = ProcessView.swift; sourceTree = "<group>"; };
		C18714DA29620DE10072A834 /* PDFView.swift */ = {isa = PBXFileReference; lastKnownFileType = sourcecode.swift; path = PDFView.swift; sourceTree = "<group>"; };
		C18714DC29620E1D0072A834 /* DetailsView.swift */ = {isa = PBXFileReference; lastKnownFileType = sourcecode.swift; path = DetailsView.swift; sourceTree = "<group>"; };
		C18714DE29620E320072A834 /* feelings.pdf */ = {isa = PBXFileReference; lastKnownFileType = image.pdf; path = feelings.pdf; sourceTree = "<group>"; };
		C18714DF29620E320072A834 /* needs.pdf */ = {isa = PBXFileReference; lastKnownFileType = image.pdf; path = needs.pdf; sourceTree = "<group>"; };
		C18714E229620EE20072A834 /* Info.plist */ = {isa = PBXFileReference; lastKnownFileType = text.plist; path = Info.plist; sourceTree = "<group>"; };
		C18714E5296216E00072A834 /* LaunchScreen.storyboard */ = {isa = PBXFileReference; lastKnownFileType = file.storyboard; path = LaunchScreen.storyboard; sourceTree = "<group>"; };
		C18714E7296219BD0072A834 /* LaunchView.swift */ = {isa = PBXFileReference; lastKnownFileType = sourcecode.swift; path = LaunchView.swift; sourceTree = "<group>"; };
		C18714EB29636EB80072A834 /* chapterContent.swift */ = {isa = PBXFileReference; lastKnownFileType = sourcecode.swift; path = chapterContent.swift; sourceTree = "<group>"; };
/* End PBXFileReference section */

/* Begin PBXFrameworksBuildPhase section */
		C18714BE29620D950072A834 /* Frameworks */ = {
			isa = PBXFrameworksBuildPhase;
			buildActionMask = 2147483647;
			files = (
			);
			runOnlyForDeploymentPostprocessing = 0;
		};
/* End PBXFrameworksBuildPhase section */

/* Begin PBXGroup section */
		C18714B829620D950072A834 = {
			isa = PBXGroup;
			children = (
				C18714C329620D950072A834 /* pocket-nvc */,
				C18714C229620D950072A834 /* Products */,
			);
			sourceTree = "<group>";
		};
		C18714C229620D950072A834 /* Products */ = {
			isa = PBXGroup;
			children = (
				C18714C129620D950072A834 /* pocket-nvc.app */,
			);
			name = Products;
			sourceTree = "<group>";
		};
		C18714C329620D950072A834 /* pocket-nvc */ = {
			isa = PBXGroup;
			children = (
				C18714E229620EE20072A834 /* Info.plist */,
				C18714C429620D950072A834 /* pocket_nvcApp.swift */,
				C18714C629620D950072A834 /* ContentView.swift */,
				C18714D229620DB50072A834 /* NeedsView.swift */,
				C18714D429620DBF0072A834 /* FeelingsView.swift */,
				C18714EB29636EB80072A834 /* chapterContent.swift */,
				C18714D629620DC70072A834 /* AboutView.swift */,
				C18714DC29620E1D0072A834 /* DetailsView.swift */,
				C18714D829620DD20072A834 /* ProcessView.swift */,
				C18714DA29620DE10072A834 /* PDFView.swift */,
				C18714DE29620E320072A834 /* feelings.pdf */,
				C18714DF29620E320072A834 /* needs.pdf */,
				C18714E3296216990072A834 /* Launch */,
				C18714C829620D960072A834 /* Assets.xcassets */,
				C18714CA29620D960072A834 /* Preview Content */,
			);
			path = "pocket-nvc";
			sourceTree = "<group>";
		};
		C18714CA29620D960072A834 /* Preview Content */ = {
			isa = PBXGroup;
			children = (
				C18714CB29620D960072A834 /* Preview Assets.xcassets */,
			);
			path = "Preview Content";
			sourceTree = "<group>";
		};
		C18714E3296216990072A834 /* Launch */ = {
			isa = PBXGroup;
			children = (
				C18714E4296216BE0072A834 /* Views */,
			);
			path = Launch;
			sourceTree = "<group>";
		};
		C18714E4296216BE0072A834 /* Views */ = {
			isa = PBXGroup;
			children = (
				C18714E5296216E00072A834 /* LaunchScreen.storyboard */,
				C18714E7296219BD0072A834 /* LaunchView.swift */,
			);
			path = Views;
			sourceTree = "<group>";
		};
/* End PBXGroup section */

/* Begin PBXNativeTarget section */
		C18714C029620D950072A834 /* pocket-nvc */ = {
			isa = PBXNativeTarget;
			buildConfigurationList = C18714CF29620D960072A834 /* Build configuration list for PBXNativeTarget "pocket-nvc" */;
			buildPhases = (
				C18714BD29620D950072A834 /* Sources */,
				C18714BE29620D950072A834 /* Frameworks */,
				C18714BF29620D950072A834 /* Resources */,
			);
			buildRules = (
			);
			dependencies = (
			);
			name = "pocket-nvc";
			productName = "pocket-nvc";
			productReference = C18714C129620D950072A834 /* pocket-nvc.app */;
			productType = "com.apple.product-type.application";
		};
/* End PBXNativeTarget section */

/* Begin PBXProject section */
		C18714B929620D950072A834 /* Project object */ = {
			isa = PBXProject;
			attributes = {
				BuildIndependentTargetsInParallel = 1;
				LastSwiftUpdateCheck = 1420;
				LastUpgradeCheck = 1420;
				TargetAttributes = {
					C18714C029620D950072A834 = {
						CreatedOnToolsVersion = 14.2;
					};
				};
			};
			buildConfigurationList = C18714BC29620D950072A834 /* Build configuration list for PBXProject "pocket-nvc" */;
			compatibilityVersion = "Xcode 14.0";
			developmentRegion = en;
			hasScannedForEncodings = 0;
			knownRegions = (
				en,
				Base,
			);
			mainGroup = C18714B829620D950072A834;
			productRefGroup = C18714C229620D950072A834 /* Products */;
			projectDirPath = "";
			projectRoot = "";
			targets = (
				C18714C029620D950072A834 /* pocket-nvc */,
			);
		};
/* End PBXProject section */

/* Begin PBXResourcesBuildPhase section */
		C18714BF29620D950072A834 /* Resources */ = {
			isa = PBXResourcesBuildPhase;
			buildActionMask = 2147483647;
			files = (
				C18714E129620E320072A834 /* needs.pdf in Resources */,
				C18714E029620E320072A834 /* feelings.pdf in Resources */,
				C18714CC29620D960072A834 /* Preview Assets.xcassets in Resources */,
				C18714E6296216E00072A834 /* LaunchScreen.storyboard in Resources */,
				C18714C929620D960072A834 /* Assets.xcassets in Resources */,
			);
			runOnlyForDeploymentPostprocessing = 0;
		};
/* End PBXResourcesBuildPhase section */

/* Begin PBXSourcesBuildPhase section */
		C18714BD29620D950072A834 /* Sources */ = {
			isa = PBXSourcesBuildPhase;
			buildActionMask = 2147483647;
			files = (
				C18714DB29620DE10072A834 /* PDFView.swift in Sources */,
				C18714D929620DD20072A834 /* ProcessView.swift in Sources */,
				C18714D329620DB60072A834 /* NeedsView.swift in Sources */,
				C18714D529620DBF0072A834 /* FeelingsView.swift in Sources */,
				C18714C729620D950072A834 /* ContentView.swift in Sources */,
				C18714EC29636EB80072A834 /* chapterContent.swift in Sources */,
				C18714DD29620E1E0072A834 /* DetailsView.swift in Sources */,
				C18714C529620D950072A834 /* pocket_nvcApp.swift in Sources */,
				C18714E8296219BD0072A834 /* LaunchView.swift in Sources */,
				C18714D729620DC70072A834 /* AboutView.swift in Sources */,
			);
			runOnlyForDeploymentPostprocessing = 0;
		};
/* End PBXSourcesBuildPhase section */

/* Begin XCBuildConfiguration section */
		C18714CD29620D960072A834 /* Debug */ = {
			isa = XCBuildConfiguration;
			buildSettings = {
				ALWAYS_SEARCH_USER_PATHS = NO;
				CLANG_ANALYZER_NONNULL = YES;
				CLANG_ANALYZER_NUMBER_OBJECT_CONVERSION = YES_AGGRESSIVE;
				CLANG_CXX_LANGUAGE_STANDARD = "gnu++20";
				CLANG_ENABLE_MODULES = YES;
				CLANG_ENABLE_OBJC_ARC = YES;
				CLANG_ENABLE_OBJC_WEAK = YES;
				CLANG_WARN_BLOCK_CAPTURE_AUTORELEASING = YES;
				CLANG_WARN_BOOL_CONVERSION = YES;
				CLANG_WARN_COMMA = YES;
				CLANG_WARN_CONSTANT_CONVERSION = YES;
				CLANG_WARN_DEPRECATED_OBJC_IMPLEMENTATIONS = YES;
				CLANG_WARN_DIRECT_OBJC_ISA_USAGE = YES_ERROR;
				CLANG_WARN_DOCUMENTATION_COMMENTS = YES;
				CLANG_WARN_EMPTY_BODY = YES;
				CLANG_WARN_ENUM_CONVERSION = YES;
				CLANG_WARN_INFINITE_RECURSION = YES;
				CLANG_WARN_INT_CONVERSION = YES;
				CLANG_WARN_NON_LITERAL_NULL_CONVERSION = YES;
				CLANG_WARN_OBJC_IMPLICIT_RETAIN_SELF = YES;
				CLANG_WARN_OBJC_LITERAL_CONVERSION = YES;
				CLANG_WARN_OBJC_ROOT_CLASS = YES_ERROR;
				CLANG_WARN_QUOTED_INCLUDE_IN_FRAMEWORK_HEADER = YES;
				CLANG_WARN_RANGE_LOOP_ANALYSIS = YES;
				CLANG_WARN_STRICT_PROTOTYPES = YES;
				CLANG_WARN_SUSPICIOUS_MOVE = YES;
				CLANG_WARN_UNGUARDED_AVAILABILITY = YES_AGGRESSIVE;
				CLANG_WARN_UNREACHABLE_CODE = YES;
				CLANG_WARN__DUPLICATE_METHOD_MATCH = YES;
				COPY_PHASE_STRIP = NO;
				DEBUG_INFORMATION_FORMAT = dwarf;
				ENABLE_STRICT_OBJC_MSGSEND = YES;
				ENABLE_TESTABILITY = YES;
				GCC_C_LANGUAGE_STANDARD = gnu11;
				GCC_DYNAMIC_NO_PIC = NO;
				GCC_NO_COMMON_BLOCKS = YES;
				GCC_OPTIMIZATION_LEVEL = 0;
				GCC_PREPROCESSOR_DEFINITIONS = (
					"DEBUG=1",
					"$(inherited)",
				);
				GCC_WARN_64_TO_32_BIT_CONVERSION = YES;
				GCC_WARN_ABOUT_RETURN_TYPE = YES_ERROR;
				GCC_WARN_UNDECLARED_SELECTOR = YES;
				GCC_WARN_UNINITIALIZED_AUTOS = YES_AGGRESSIVE;
				GCC_WARN_UNUSED_FUNCTION = YES;
				GCC_WARN_UNUSED_VARIABLE = YES;
				IPHONEOS_DEPLOYMENT_TARGET = 16.2;
				MTL_ENABLE_DEBUG_INFO = INCLUDE_SOURCE;
				MTL_FAST_MATH = YES;
				ONLY_ACTIVE_ARCH = YES;
				SDKROOT = iphoneos;
				SWIFT_ACTIVE_COMPILATION_CONDITIONS = DEBUG;
				SWIFT_OPTIMIZATION_LEVEL = "-Onone";
			};
			name = Debug;
		};
		C18714CE29620D960072A834 /* Release */ = {
			isa = XCBuildConfiguration;
			buildSettings = {
				ALWAYS_SEARCH_USER_PATHS = NO;
				CLANG_ANALYZER_NONNULL = YES;
				CLANG_ANALYZER_NUMBER_OBJECT_CONVERSION = YES_AGGRESSIVE;
				CLANG_CXX_LANGUAGE_STANDARD = "gnu++20";
				CLANG_ENABLE_MODULES = YES;
				CLANG_ENABLE_OBJC_ARC = YES;
				CLANG_ENABLE_OBJC_WEAK = YES;
				CLANG_WARN_BLOCK_CAPTURE_AUTORELEASING = YES;
				CLANG_WARN_BOOL_CONVERSION = YES;
				CLANG_WARN_COMMA = YES;
				CLANG_WARN_CONSTANT_CONVERSION = YES;
				CLANG_WARN_DEPRECATED_OBJC_IMPLEMENTATIONS = YES;
				CLANG_WARN_DIRECT_OBJC_ISA_USAGE = YES_ERROR;
				CLANG_WARN_DOCUMENTATION_COMMENTS = YES;
				CLANG_WARN_EMPTY_BODY = YES;
				CLANG_WARN_ENUM_CONVERSION = YES;
				CLANG_WARN_INFINITE_RECURSION = YES;
				CLANG_WARN_INT_CONVERSION = YES;
				CLANG_WARN_NON_LITERAL_NULL_CONVERSION = YES;
				CLANG_WARN_OBJC_IMPLICIT_RETAIN_SELF = YES;
				CLANG_WARN_OBJC_LITERAL_CONVERSION = YES;
				CLANG_WARN_OBJC_ROOT_CLASS = YES_ERROR;
				CLANG_WARN_QUOTED_INCLUDE_IN_FRAMEWORK_HEADER = YES;
				CLANG_WARN_RANGE_LOOP_ANALYSIS = YES;
				CLANG_WARN_STRICT_PROTOTYPES = YES;
				CLANG_WARN_SUSPICIOUS_MOVE = YES;
				CLANG_WARN_UNGUARDED_AVAILABILITY = YES_AGGRESSIVE;
				CLANG_WARN_UNREACHABLE_CODE = YES;
				CLANG_WARN__DUPLICATE_METHOD_MATCH = YES;
				COPY_PHASE_STRIP = NO;
				DEBUG_INFORMATION_FORMAT = "dwarf-with-dsym";
				ENABLE_NS_ASSERTIONS = NO;
				ENABLE_STRICT_OBJC_MSGSEND = YES;
				GCC_C_LANGUAGE_STANDARD = gnu11;
				GCC_NO_COMMON_BLOCKS = YES;
				GCC_WARN_64_TO_32_BIT_CONVERSION = YES;
				GCC_WARN_ABOUT_RETURN_TYPE = YES_ERROR;
				GCC_WARN_UNDECLARED_SELECTOR = YES;
				GCC_WARN_UNINITIALIZED_AUTOS = YES_AGGRESSIVE;
				GCC_WARN_UNUSED_FUNCTION = YES;
				GCC_WARN_UNUSED_VARIABLE = YES;
				IPHONEOS_DEPLOYMENT_TARGET = 16.2;
				MTL_ENABLE_DEBUG_INFO = NO;
				MTL_FAST_MATH = YES;
				SDKROOT = iphoneos;
				SWIFT_COMPILATION_MODE = wholemodule;
				SWIFT_OPTIMIZATION_LEVEL = "-O";
				VALIDATE_PRODUCT = YES;
			};
			name = Release;
		};
		C18714D029620D960072A834 /* Debug */ = {
			isa = XCBuildConfiguration;
			buildSettings = {
				ASSETCATALOG_COMPILER_APPICON_NAME = AppIcon;
				ASSETCATALOG_COMPILER_GLOBAL_ACCENT_COLOR_NAME = AccentColor;
				CODE_SIGN_STYLE = Automatic;
				CURRENT_PROJECT_VERSION = 1;
				DEVELOPMENT_ASSET_PATHS = "\"pocket-nvc/Preview Content\"";
				DEVELOPMENT_TEAM = XYY8LZWMJW;
				ENABLE_PREVIEWS = YES;
				GENERATE_INFOPLIST_FILE = YES;
				INFOPLIST_FILE = "pocket-nvc/Info.plist";
				INFOPLIST_KEY_UIApplicationSceneManifest_Generation = YES;
				INFOPLIST_KEY_UIApplicationSupportsIndirectInputEvents = YES;
				INFOPLIST_KEY_UILaunchStoryboardName = aunchScreen.storyboard;
				INFOPLIST_KEY_UISupportedInterfaceOrientations_iPad = "UIInterfaceOrientationPortrait UIInterfaceOrientationPortraitUpsideDown UIInterfaceOrientationLandscapeLeft UIInterfaceOrientationLandscapeRight";
				INFOPLIST_KEY_UISupportedInterfaceOrientations_iPhone = "UIInterfaceOrientationPortrait UIInterfaceOrientationLandscapeLeft UIInterfaceOrientationLandscapeRight";
				LD_RUNPATH_SEARCH_PATHS = (
					"$(inherited)",
					"@executable_path/Frameworks",
				);
				MARKETING_VERSION = 1.0;
				PRODUCT_BUNDLE_IDENTIFIER = "jordan.swartz.pocket-nvc";
				PRODUCT_NAME = "$(TARGET_NAME)";
				SWIFT_EMIT_LOC_STRINGS = YES;
				SWIFT_VERSION = 5.0;
				TARGETED_DEVICE_FAMILY = "1,2";
			};
			name = Debug;
		};
		C18714D129620D960072A834 /* Release */ = {
			isa = XCBuildConfiguration;
			buildSettings = {
				ASSETCATALOG_COMPILER_APPICON_NAME = AppIcon;
				ASSETCATALOG_COMPILER_GLOBAL_ACCENT_COLOR_NAME = AccentColor;
				CODE_SIGN_STYLE = Automatic;
				CURRENT_PROJECT_VERSION = 1;
				DEVELOPMENT_ASSET_PATHS = "\"pocket-nvc/Preview Content\"";
				DEVELOPMENT_TEAM = XYY8LZWMJW;
				ENABLE_PREVIEWS = YES;
				GENERATE_INFOPLIST_FILE = YES;
				INFOPLIST_FILE = "pocket-nvc/Info.plist";
				INFOPLIST_KEY_UIApplicationSceneManifest_Generation = YES;
				INFOPLIST_KEY_UIApplicationSupportsIndirectInputEvents = YES;
				INFOPLIST_KEY_UILaunchStoryboardName = aunchScreen.storyboard;
				INFOPLIST_KEY_UISupportedInterfaceOrientations_iPad = "UIInterfaceOrientationPortrait UIInterfaceOrientationPortraitUpsideDown UIInterfaceOrientationLandscapeLeft UIInterfaceOrientationLandscapeRight";
				INFOPLIST_KEY_UISupportedInterfaceOrientations_iPhone = "UIInterfaceOrientationPortrait UIInterfaceOrientationLandscapeLeft UIInterfaceOrientationLandscapeRight";
				LD_RUNPATH_SEARCH_PATHS = (
					"$(inherited)",
					"@executable_path/Frameworks",
				);
				MARKETING_VERSION = 1.0;
				PRODUCT_BUNDLE_IDENTIFIER = "jordan.swartz.pocket-nvc";
				PRODUCT_NAME = "$(TARGET_NAME)";
				SWIFT_EMIT_LOC_STRINGS = YES;
				SWIFT_VERSION = 5.0;
				TARGETED_DEVICE_FAMILY = "1,2";
			};
			name = Release;
		};
/* End XCBuildConfiguration section */

/* Begin XCConfigurationList section */
		C18714BC29620D950072A834 /* Build configuration list for PBXProject "pocket-nvc" */ = {
			isa = XCConfigurationList;
			buildConfigurations = (
				C18714CD29620D960072A834 /* Debug */,
				C18714CE29620D960072A834 /* Release */,
			);
			defaultConfigurationIsVisible = 0;
			defaultConfigurationName = Release;
		};
		C18714CF29620D960072A834 /* Build configuration list for PBXNativeTarget "pocket-nvc" */ = {
			isa = XCConfigurationList;
			buildConfigurations = (
				C18714D029620D960072A834 /* Debug */,
				C18714D129620D960072A834 /* Release */,
			);
			defaultConfigurationIsVisible = 0;
			defaultConfigurationName = Release;
		};
/* End XCConfigurationList section */
	};
	rootObject = C18714B929620D950072A834 /* Project object */;
}
